<?xml version="1.0" encoding="utf-8"?>
<Project ToolsVersion="4.0" xmlns="http://schemas.microsoft.com/developer/msbuild/2003">
  <ItemGroup>
    <Filter Include="library">
      <UniqueIdentifier>{6a0dccdd-6e42-4419-8536-09e8f4804ebf}</UniqueIdentifier>
    </Filter>
  </ItemGroup>
  <ItemGroup>
    <ClCompile Include="lib\leetlib.cpp">
      <Filter>library</Filter>
    </ClCompile>
    <ClCompile Include="Game.cpp" />
    <ClCompile Include="main.cpp" />
    <ClCompile Include="pch.cpp" />
    <ClCompile Include="Sprites.cpp" />
    <ClCompile Include="Renderables.cpp" />
    <ClCompile Include="Invader.cpp" />
    <ClCompile Include="World.cpp" />
    <ClCompile Include="Player.cpp" />
    <ClCompile Include="Collider.cpp" />
    <ClCompile Include="Projectile.cpp" />
    <ClCompile Include="Entity.cpp" />
    <ClCompile Include="PhatLeetLib.cpp" />
    <ClCompile Include="Math.cpp" />
  </ItemGroup>
  <ItemGroup>
    <ClInclude Include="lib\leetlib.h">
      <Filter>library</Filter>
    </ClInclude>
    <ClInclude Include="Sprites.h" />
    <ClInclude Include="pch.h" />
    <ClInclude Include="Game.h" />
    <ClInclude Include="Renderables.h" />
    <ClInclude Include="Vector.h" />
    <ClInclude Include="PhatLeetLib.h" />
    <ClInclude Include="Invader.h" />
    <ClInclude Include="World.h" />
    <ClInclude Include="Player.h" />
    <ClInclude Include="Collider.h" />
    <ClInclude Include="Projectile.h" />
    <ClInclude Include="Entity.h" />
    <ClInclude Include="Math.h" />
  </ItemGroup>
</Project>